
Microsoft Visual Studio Solution File, Format Version 12.00
# Visual Studio Version 17
VisualStudioVersion = 17.3.32901.215
MinimumVisualStudioVersion = 10.0.40219.1
Project("{8BC9CEB8-8B4A-11D0-8D11-00A0C91BC942}") = "ThreeEngine", "ThreeEngine\ThreeEngine.vcxproj", "{030C6452-10BF-48A4-B80F-0D4A996B83AE}"
EndProject
Project("{8BC9CEB8-8B4A-11D0-8D11-00A0C91BC942}") = "Three.V8", "Three.V8\Three.V8.vcxproj", "{CCBE3960-DAD2-49AF-952F-A8A86D75F190}"
EndProject
Project("{8BC9CEB8-8B4A-11D0-8D11-00A0C91BC942}") = "Test.Cpp", "Test.Cpp\Test.Cpp.vcxproj", "{3F00C726-809A-4269-9281-33B6AACE99F9}"
EndProject
Project("{8BC9CEB8-8B4A-11D0-8D11-00A0C91BC942}") = "Test.V8", "Test.V8\Test.V8.vcxproj", "{67D5CD91-A728-4719-8E9C-8610CF661CEB}"
EndProject
Project("{8BC9CEB8-8B4A-11D0-8D11-00A0C91BC942}") = "ThreeMM", "ThreeMM\ThreeMM.vcxproj", "{7F3BB2FF-13E9-45A0-B8E3-F663FC651EFD}"
EndProject
Project("{8BC9CEB8-8B4A-11D0-8D11-00A0C91BC942}") = "Lightmapper", "Lightmapper\Lightmapper.vcxproj", "{CD28457C-63C3-43E9-8C91-A015D91B7B49}"
EndProject
Project("{8BC9CEB8-8B4A-11D0-8D11-00A0C91BC942}") = "LightmapCompressor", "LightmapCompressor\LightmapCompressor.vcxproj", "{BE12DD92-F55E-4138-8755-A62107C35182}"
EndProject
Global
	GlobalSection(SolutionConfigurationPlatforms) = preSolution
		Debug|Any CPU = Debug|Any CPU
		Debug|x64 = Debug|x64
		Debug|x86 = Debug|x86
		Release|Any CPU = Release|Any CPU
		Release|x64 = Release|x64
		Release|x86 = Release|x86
	EndGlobalSection
	GlobalSection(ProjectConfigurationPlatforms) = postSolution
		{030C6452-10BF-48A4-B80F-0D4A996B83AE}.Debug|Any CPU.ActiveCfg = Debug|Win32
		{030C6452-10BF-48A4-B80F-0D4A996B83AE}.Debug|x64.ActiveCfg = Debug|x64
		{030C6452-10BF-48A4-B80F-0D4A996B83AE}.Debug|x64.Build.0 = Debug|x64
		{030C6452-10BF-48A4-B80F-0D4A996B83AE}.Debug|x86.ActiveCfg = Debug|Win32
		{030C6452-10BF-48A4-B80F-0D4A996B83AE}.Debug|x86.Build.0 = Debug|Win32
		{030C6452-10BF-48A4-B80F-0D4A996B83AE}.Release|Any CPU.ActiveCfg = Release|Win32
		{030C6452-10BF-48A4-B80F-0D4A996B83AE}.Release|x64.ActiveCfg = Release|x64
		{030C6452-10BF-48A4-B80F-0D4A996B83AE}.Release|x64.Build.0 = Release|x64
		{030C6452-10BF-48A4-B80F-0D4A996B83AE}.Release|x86.ActiveCfg = Release|Win32
		{030C6452-10BF-48A4-B80F-0D4A996B83AE}.Release|x86.Build.0 = Release|Win32
		{CCBE3960-DAD2-49AF-952F-A8A86D75F190}.Debug|Any CPU.ActiveCfg = Debug|Win32
		{CCBE3960-DAD2-49AF-952F-A8A86D75F190}.Debug|x64.ActiveCfg = Debug|x64
		{CCBE3960-DAD2-49AF-952F-A8A86D75F190}.Debug|x64.Build.0 = Debug|x64
		{CCBE3960-DAD2-49AF-952F-A8A86D75F190}.Debug|x86.ActiveCfg = Debug|Win32
		{CCBE3960-DAD2-49AF-952F-A8A86D75F190}.Debug|x86.Build.0 = Debug|Win32
		{CCBE3960-DAD2-49AF-952F-A8A86D75F190}.Release|Any CPU.ActiveCfg = Release|Win32
		{CCBE3960-DAD2-49AF-952F-A8A86D75F190}.Release|x64.ActiveCfg = Release|x64
		{CCBE3960-DAD2-49AF-952F-A8A86D75F190}.Release|x64.Build.0 = Release|x64
		{CCBE3960-DAD2-49AF-952F-A8A86D75F190}.Release|x86.ActiveCfg = Release|Win32
		{CCBE3960-DAD2-49AF-952F-A8A86D75F190}.Release|x86.Build.0 = Release|Win32
		{3F00C726-809A-4269-9281-33B6AACE99F9}.Debug|Any CPU.ActiveCfg = Debug|Win32
		{3F00C726-809A-4269-9281-33B6AACE99F9}.Debug|x64.ActiveCfg = Debug|x64
		{3F00C726-809A-4269-9281-33B6AACE99F9}.Debug|x64.Build.0 = Debug|x64
		{3F00C726-809A-4269-9281-33B6AACE99F9}.Debug|x86.ActiveCfg = Debug|Win32
		{3F00C726-809A-4269-9281-33B6AACE99F9}.Debug|x86.Build.0 = Debug|Win32
		{3F00C726-809A-4269-9281-33B6AACE99F9}.Release|Any CPU.ActiveCfg = Release|Win32
		{3F00C726-809A-4269-9281-33B6AACE99F9}.Release|x64.ActiveCfg = Release|x64
		{3F00C726-809A-4269-9281-33B6AACE99F9}.Release|x64.Build.0 = Release|x64
		{3F00C726-809A-4269-9281-33B6AACE99F9}.Release|x86.ActiveCfg = Release|Win32
		{3F00C726-809A-4269-9281-33B6AACE99F9}.Release|x86.Build.0 = Release|Win32
		{67D5CD91-A728-4719-8E9C-8610CF661CEB}.Debug|Any CPU.ActiveCfg = Debug|Win32
		{67D5CD91-A728-4719-8E9C-8610CF661CEB}.Debug|x64.ActiveCfg = Debug|x64
		{67D5CD91-A728-4719-8E9C-8610CF661CEB}.Debug|x64.Build.0 = Debug|x64
		{67D5CD91-A728-4719-8E9C-8610CF661CEB}.Debug|x86.ActiveCfg = Debug|Win32
		{67D5CD91-A728-4719-8E9C-8610CF661CEB}.Debug|x86.Build.0 = Debug|Win32
		{67D5CD91-A728-4719-8E9C-8610CF661CEB}.Release|Any CPU.ActiveCfg = Release|Win32
		{67D5CD91-A728-4719-8E9C-8610CF661CEB}.Release|x64.ActiveCfg = Release|x64
		{67D5CD91-A728-4719-8E9C-8610CF661CEB}.Release|x64.Build.0 = Release|x64
		{67D5CD91-A728-4719-8E9C-8610CF661CEB}.Release|x86.ActiveCfg = Release|Win32
		{67D5CD91-A728-4719-8E9C-8610CF661CEB}.Release|x86.Build.0 = Release|Win32
		{7F3BB2FF-13E9-45A0-B8E3-F663FC651EFD}.Debug|Any CPU.ActiveCfg = Debug|x64
		{7F3BB2FF-13E9-45A0-B8E3-F663FC651EFD}.Debug|Any CPU.Build.0 = Debug|x64
		{7F3BB2FF-13E9-45A0-B8E3-F663FC651EFD}.Debug|x64.ActiveCfg = Debug|x64
		{7F3BB2FF-13E9-45A0-B8E3-F663FC651EFD}.Debug|x64.Build.0 = Debug|x64
		{7F3BB2FF-13E9-45A0-B8E3-F663FC651EFD}.Debug|x86.ActiveCfg = Debug|Win32
		{7F3BB2FF-13E9-45A0-B8E3-F663FC651EFD}.Debug|x86.Build.0 = Debug|Win32
		{7F3BB2FF-13E9-45A0-B8E3-F663FC651EFD}.Release|Any CPU.ActiveCfg = Release|x64
		{7F3BB2FF-13E9-45A0-B8E3-F663FC651EFD}.Release|Any CPU.Build.0 = Release|x64
		{7F3BB2FF-13E9-45A0-B8E3-F663FC651EFD}.Release|x64.ActiveCfg = Release|x64
		{7F3BB2FF-13E9-45A0-B8E3-F663FC651EFD}.Release|x64.Build.0 = Release|x64
		{7F3BB2FF-13E9-45A0-B8E3-F663FC651EFD}.Release|x86.ActiveCfg = Release|Win32
		{7F3BB2FF-13E9-45A0-B8E3-F663FC651EFD}.Release|x86.Build.0 = Release|Win32
		{CD28457C-63C3-43E9-8C91-A015D91B7B49}.Debug|Any CPU.ActiveCfg = Debug|x64
		{CD28457C-63C3-43E9-8C91-A015D91B7B49}.Debug|Any CPU.Build.0 = Debug|x64
		{CD28457C-63C3-43E9-8C91-A015D91B7B49}.Debug|x64.ActiveCfg = Debug|x64
		{CD28457C-63C3-43E9-8C91-A015D91B7B49}.Debug|x64.Build.0 = Debug|x64
		{CD28457C-63C3-43E9-8C91-A015D91B7B49}.Debug|x86.ActiveCfg = Debug|Win32
		{CD28457C-63C3-43E9-8C91-A015D91B7B49}.Debug|x86.Build.0 = Debug|Win32
		{CD28457C-63C3-43E9-8C91-A015D91B7B49}.Release|Any CPU.ActiveCfg = Release|x64
		{CD28457C-63C3-43E9-8C91-A015D91B7B49}.Release|Any CPU.Build.0 = Release|x64
		{CD28457C-63C3-43E9-8C91-A015D91B7B49}.Release|x64.ActiveCfg = Release|x64
		{CD28457C-63C3-43E9-8C91-A015D91B7B49}.Release|x64.Build.0 = Release|x64
		{CD28457C-63C3-43E9-8C91-A015D91B7B49}.Release|x86.ActiveCfg = Release|Win32
		{CD28457C-63C3-43E9-8C91-A015D91B7B49}.Release|x86.Build.0 = Release|Win32
		{BE12DD92-F55E-4138-8755-A62107C35182}.Debug|Any CPU.ActiveCfg = Debug|x64
		{BE12DD92-F55E-4138-8755-A62107C35182}.Debug|Any CPU.Build.0 = Debug|x64
		{BE12DD92-F55E-4138-8755-A62107C35182}.Debug|x64.ActiveCfg = Debug|x64
		{BE12DD92-F55E-4138-8755-A62107C35182}.Debug|x64.Build.0 = Debug|x64
		{BE12DD92-F55E-4138-8755-A62107C35182}.Debug|x86.ActiveCfg = Debug|Win32
		{BE12DD92-F55E-4138-8755-A62107C35182}.Debug|x86.Build.0 = Debug|Win32
		{BE12DD92-F55E-4138-8755-A62107C35182}.Release|Any CPU.ActiveCfg = Release|x64
		{BE12DD92-F55E-4138-8755-A62107C35182}.Release|Any CPU.Build.0 = Release|x64
		{BE12DD92-F55E-4138-8755-A62107C35182}.Release|x64.ActiveCfg = Release|x64
		{BE12DD92-F55E-4138-8755-A62107C35182}.Release|x64.Build.0 = Release|x64
		{BE12DD92-F55E-4138-8755-A62107C35182}.Release|x86.ActiveCfg = Release|Win32
		{BE12DD92-F55E-4138-8755-A62107C35182}.Release|x86.Build.0 = Release|Win32
	EndGlobalSection
	GlobalSection(SolutionProperties) = preSolution
		HideSolutionNode = FALSE
	EndGlobalSection
	GlobalSection(ExtensibilityGlobals) = postSolution
		SolutionGuid = {EF9C4E5C-1E72-4057-82BC-33B46A21617A}
	EndGlobalSection
EndGlobal
